
Microsoft Visual Studio Solution File, Format Version 12.00
# Visual Studio Version 17
VisualStudioVersion = 17.0.31903.59
MinimumVisualStudioVersion = 10.0.40219.1
Project("{2150E333-8FDC-42A3-9474-1A3956D46DE8}") = "src", "src", "{82B8178C-DFAB-4E46-89AA-F371E58358B9}"
EndProject
Project("{2150E333-8FDC-42A3-9474-1A3956D46DE8}") = "Application", "Application", "{39193706-6BE6-47E4-B16C-9AFD9C44FF39}"
EndProject
Project("{FAE04EC0-301F-11D3-BF4B-00C04F79EFBC}") = "CommandoTools.ContentExplorer.Application", "src\Application\src\CommandoTools.ContentExplorer.Application.csproj", "{395E5BDE-1F62-4091-8354-68538CFA7FD3}"
EndProject
Project("{2150E333-8FDC-42A3-9474-1A3956D46DE8}") = "Domain", "Domain", "{6EE58A43-A8B9-4A2F-B13F-1614A8B058AA}"
EndProject
Project("{FAE04EC0-301F-11D3-BF4B-00C04F79EFBC}") = "CommandoTools.ContentExplorer.Domain", "src\Domain\src\CommandoTools.ContentExplorer.Domain.csproj", "{E5CFA96A-EC60-4A88-BE17-1D86F75A8315}"
EndProject
Project("{2150E333-8FDC-42A3-9474-1A3956D46DE8}") = "Formats", "Formats", "{05D02DC6-499D-4D9B-8C0C-C5AA18F3F044}"
EndProject
Project("{2150E333-8FDC-42A3-9474-1A3956D46DE8}") = "Pak", "Pak", "{D323BFAA-883A-478E-8A20-5D1B545EE15D}"
EndProject
Project("{FAE04EC0-301F-11D3-BF4B-00C04F79EFBC}") = "CommandoTools.ContentExplorer.Formats.Pak", "src\Formats\Pak\src\CommandoTools.ContentExplorer.Formats.Pak.csproj", "{EC1BE5D0-9700-47BF-B2A5-F8760F0AE08A}"
EndProject
Project("{FAE04EC0-301F-11D3-BF4B-00C04F79EFBC}") = "CommandoTools.ContentExplorer.Formats.Pak.Tests", "src\Formats\Pak\tests\CommandoTools.ContentExplorer.Formats.Pak.Tests.csproj", "{605106B1-72CA-4A66-85DB-7B00F991A1A1}"
EndProject
Global
	GlobalSection(SolutionConfigurationPlatforms) = preSolution
		Debug|Any CPU = Debug|Any CPU
		Release|Any CPU = Release|Any CPU
	EndGlobalSection
	GlobalSection(SolutionProperties) = preSolution
		HideSolutionNode = FALSE
	EndGlobalSection
	GlobalSection(ProjectConfigurationPlatforms) = postSolution
		{395E5BDE-1F62-4091-8354-68538CFA7FD3}.Debug|Any CPU.ActiveCfg = Debug|Any CPU
		{395E5BDE-1F62-4091-8354-68538CFA7FD3}.Debug|Any CPU.Build.0 = Debug|Any CPU
		{395E5BDE-1F62-4091-8354-68538CFA7FD3}.Release|Any CPU.ActiveCfg = Release|Any CPU
		{395E5BDE-1F62-4091-8354-68538CFA7FD3}.Release|Any CPU.Build.0 = Release|Any CPU
		{E5CFA96A-EC60-4A88-BE17-1D86F75A8315}.Debug|Any CPU.ActiveCfg = Debug|Any CPU
		{E5CFA96A-EC60-4A88-BE17-1D86F75A8315}.Debug|Any CPU.Build.0 = Debug|Any CPU
		{E5CFA96A-EC60-4A88-BE17-1D86F75A8315}.Release|Any CPU.ActiveCfg = Release|Any CPU
		{E5CFA96A-EC60-4A88-BE17-1D86F75A8315}.Release|Any CPU.Build.0 = Release|Any CPU
		{EC1BE5D0-9700-47BF-B2A5-F8760F0AE08A}.Debug|Any CPU.ActiveCfg = Debug|Any CPU
		{EC1BE5D0-9700-47BF-B2A5-F8760F0AE08A}.Debug|Any CPU.Build.0 = Debug|Any CPU
		{EC1BE5D0-9700-47BF-B2A5-F8760F0AE08A}.Release|Any CPU.ActiveCfg = Release|Any CPU
		{EC1BE5D0-9700-47BF-B2A5-F8760F0AE08A}.Release|Any CPU.Build.0 = Release|Any CPU
		{605106B1-72CA-4A66-85DB-7B00F991A1A1}.Debug|Any CPU.ActiveCfg = Debug|Any CPU
		{605106B1-72CA-4A66-85DB-7B00F991A1A1}.Debug|Any CPU.Build.0 = Debug|Any CPU
		{605106B1-72CA-4A66-85DB-7B00F991A1A1}.Release|Any CPU.ActiveCfg = Release|Any CPU
		{605106B1-72CA-4A66-85DB-7B00F991A1A1}.Release|Any CPU.Build.0 = Release|Any CPU
	EndGlobalSection
	GlobalSection(NestedProjects) = preSolution
		{39193706-6BE6-47E4-B16C-9AFD9C44FF39} = {82B8178C-DFAB-4E46-89AA-F371E58358B9}
		{395E5BDE-1F62-4091-8354-68538CFA7FD3} = {39193706-6BE6-47E4-B16C-9AFD9C44FF39}
		{6EE58A43-A8B9-4A2F-B13F-1614A8B058AA} = {82B8178C-DFAB-4E46-89AA-F371E58358B9}
		{E5CFA96A-EC60-4A88-BE17-1D86F75A8315} = {6EE58A43-A8B9-4A2F-B13F-1614A8B058AA}
		{05D02DC6-499D-4D9B-8C0C-C5AA18F3F044} = {82B8178C-DFAB-4E46-89AA-F371E58358B9}
		{D323BFAA-883A-478E-8A20-5D1B545EE15D} = {05D02DC6-499D-4D9B-8C0C-C5AA18F3F044}
		{EC1BE5D0-9700-47BF-B2A5-F8760F0AE08A} = {D323BFAA-883A-478E-8A20-5D1B545EE15D}
		{605106B1-72CA-4A66-85DB-7B00F991A1A1} = {D323BFAA-883A-478E-8A20-5D1B545EE15D}
	EndGlobalSection
EndGlobal
